// !$*UTF8*$!
{
	archiveVersion = 1;
	classes = {
	};
	objectVersion = 77;
	objects = {

/* Begin PBXBuildFile section */
		63A1EC932D68629C0018566D /* EndPoint.swift in Sources */ = {isa = PBXBuildFile; fileRef = 63A1EC922D68629C0018566D /* EndPoint.swift */; };
		63D1A7E52D6836D2003786D8 /* Review+CoreDataProperties.swift in Sources */ = {isa = PBXBuildFile; fileRef = 63D1A7E42D6836D2003786D8 /* Review+CoreDataProperties.swift */; };
		63D1A7E62D6836D2003786D8 /* Review+CoreDataClass.swift in Sources */ = {isa = PBXBuildFile; fileRef = 63D1A7E32D6836D2003786D8 /* Review+CoreDataClass.swift */; };
		63D1ACD22D68595D003786D8 /* CommentView.swift in Sources */ = {isa = PBXBuildFile; fileRef = 63D1ACA02D68595D003786D8 /* CommentView.swift */; };
		63D1ACD32D68595D003786D8 /* MovieDescriptionView.swift in Sources */ = {isa = PBXBuildFile; fileRef = 63D1ACA12D68595D003786D8 /* MovieDescriptionView.swift */; };
		63D1ACD42D68595D003786D8 /* MovieTitleLabel.swift in Sources */ = {isa = PBXBuildFile; fileRef = 63D1ACA22D68595D003786D8 /* MovieTitleLabel.swift */; };
		63D1ACD52D68595D003786D8 /* MovieDetailViewController.swift in Sources */ = {isa = PBXBuildFile; fileRef = 63D1ACA42D68595D003786D8 /* MovieDetailViewController.swift */; };
		63D1ACD62D68595D003786D8 /* MovieDetailViewModel.swift in Sources */ = {isa = PBXBuildFile; fileRef = 63D1ACA52D68595D003786D8 /* MovieDetailViewModel.swift */; };
		63D1ACD72D68595D003786D8 /* MovieDetailDTO.swift in Sources */ = {isa = PBXBuildFile; fileRef = 63D1ACA72D68595D003786D8 /* MovieDetailDTO.swift */; };
		63D1ACD82D68595D003786D8 /* MoviesDTO.swift in Sources */ = {isa = PBXBuildFile; fileRef = 63D1ACA82D68595D003786D8 /* MoviesDTO.swift */; };
		63D1ACDD2D68595D003786D8 /* HomeViewController.swift in Sources */ = {isa = PBXBuildFile; fileRef = 63D1ACAF2D68595D003786D8 /* HomeViewController.swift */; };
		63D1ACDE2D68595D003786D8 /* HomeViewModel.swift in Sources */ = {isa = PBXBuildFile; fileRef = 63D1ACB02D68595D003786D8 /* HomeViewModel.swift */; };
		63D1ACDF2D68595D003786D8 /* FillterView.swift in Sources */ = {isa = PBXBuildFile; fileRef = 63D1ACB22D68595D003786D8 /* FillterView.swift */; };
		63D1ACE02D68595D003786D8 /* ReviewedMovieCell.swift in Sources */ = {isa = PBXBuildFile; fileRef = 63D1ACB32D68595D003786D8 /* ReviewedMovieCell.swift */; };
		63D1ACE12D68595D003786D8 /* SelectedStarRatingView.swift in Sources */ = {isa = PBXBuildFile; fileRef = 63D1ACB42D68595D003786D8 /* SelectedStarRatingView.swift */; };
		63D1ACE22D68595D003786D8 /* StarImageView.swift in Sources */ = {isa = PBXBuildFile; fileRef = 63D1ACB52D68595D003786D8 /* StarImageView.swift */; };
		63D1ACE32D68595D003786D8 /* StarRateCell.swift in Sources */ = {isa = PBXBuildFile; fileRef = 63D1ACB62D68595D003786D8 /* StarRateCell.swift */; };
		63D1ACE42D68595D003786D8 /* StarRatingView.swift in Sources */ = {isa = PBXBuildFile; fileRef = 63D1ACB72D68595D003786D8 /* StarRatingView.swift */; };
		63D1ACE52D68595D003786D8 /* MyViewController.swift in Sources */ = {isa = PBXBuildFile; fileRef = 63D1ACB92D68595D003786D8 /* MyViewController.swift */; };
		63D1ACE62D68595D003786D8 /* MyViewModel.swift in Sources */ = {isa = PBXBuildFile; fileRef = 63D1ACBA2D68595D003786D8 /* MyViewModel.swift */; };
		63D1ACE82D68595D003786D8 /* Configurable.swift in Sources */ = {isa = PBXBuildFile; fileRef = 63D1ACBD2D68595D003786D8 /* Configurable.swift */; };
		63D1ACEA2D68595D003786D8 /* Screen.swift in Sources */ = {isa = PBXBuildFile; fileRef = 63D1ACBF2D68595D003786D8 /* Screen.swift */; };
		63D1ACF02D68595D003786D8 /* ViewModelProtocol.swift in Sources */ = {isa = PBXBuildFile; fileRef = 63D1ACC52D68595D003786D8 /* ViewModelProtocol.swift */; };
		63D1ACF12D68595D003786D8 /* MainTabBarController.swift in Sources */ = {isa = PBXBuildFile; fileRef = 63D1ACC72D68595D003786D8 /* MainTabBarController.swift */; };
		63D1ACF22D68595D003786D8 /* AppDelegate.swift in Sources */ = {isa = PBXBuildFile; fileRef = 63D1ACC92D68595D003786D8 /* AppDelegate.swift */; };
		63D1ACF32D68595D003786D8 /* LocalStorage.xcdatamodeld in Sources */ = {isa = PBXBuildFile; fileRef = 63D1ACCB2D68595D003786D8 /* LocalStorage.xcdatamodeld */; };
		63D1ACF42D68595D003786D8 /* SceneDelegate.swift in Sources */ = {isa = PBXBuildFile; fileRef = 63D1ACCC2D68595D003786D8 /* SceneDelegate.swift */; };
		63D1ACF52D68595D003786D8 /* Pretendard-Black.otf in Resources */ = {isa = PBXBuildFile; fileRef = 63D1AC8E2D68595D003786D8 /* Pretendard-Black.otf */; };
		63D1ACF62D68595D003786D8 /* Pretendard-Bold.otf in Resources */ = {isa = PBXBuildFile; fileRef = 63D1AC8F2D68595D003786D8 /* Pretendard-Bold.otf */; };
		63D1ACF72D68595D003786D8 /* Pretendard-ExtraBold.otf in Resources */ = {isa = PBXBuildFile; fileRef = 63D1AC902D68595D003786D8 /* Pretendard-ExtraBold.otf */; };
		63D1ACF82D68595D003786D8 /* Pretendard-ExtraLight.otf in Resources */ = {isa = PBXBuildFile; fileRef = 63D1AC912D68595D003786D8 /* Pretendard-ExtraLight.otf */; };
		63D1ACF92D68595D003786D8 /* Pretendard-Light.otf in Resources */ = {isa = PBXBuildFile; fileRef = 63D1AC922D68595D003786D8 /* Pretendard-Light.otf */; };
		63D1ACFA2D68595D003786D8 /* Pretendard-Medium.otf in Resources */ = {isa = PBXBuildFile; fileRef = 63D1AC932D68595D003786D8 /* Pretendard-Medium.otf */; };
		63D1ACFB2D68595D003786D8 /* Pretendard-Regular.otf in Resources */ = {isa = PBXBuildFile; fileRef = 63D1AC942D68595D003786D8 /* Pretendard-Regular.otf */; };
		63D1ACFC2D68595D003786D8 /* Pretendard-SemiBold.otf in Resources */ = {isa = PBXBuildFile; fileRef = 63D1AC952D68595D003786D8 /* Pretendard-SemiBold.otf */; };
		63D1ACFD2D68595D003786D8 /* Pretendard-Thin.otf in Resources */ = {isa = PBXBuildFile; fileRef = 63D1AC962D68595D003786D8 /* Pretendard-Thin.otf */; };
		63D1ACFE2D68595D003786D8 /* Assets.xcassets in Resources */ = {isa = PBXBuildFile; fileRef = 63D1AC982D68595D003786D8 /* Assets.xcassets */; };
		63D1ACFF2D68595D003786D8 /* LaunchScreen.storyboard in Resources */ = {isa = PBXBuildFile; fileRef = 63D1AC9A2D68595D003786D8 /* LaunchScreen.storyboard */; };
		63D1AD022D685A94003786D8 /* MovieListViewController.swift in Sources */ = {isa = PBXBuildFile; fileRef = 63D1AD012D685A94003786D8 /* MovieListViewController.swift */; };
/* End PBXBuildFile section */

/* Begin PBXFileReference section */
		63A1EC922D68629C0018566D /* EndPoint.swift */ = {isa = PBXFileReference; lastKnownFileType = sourcecode.swift; path = EndPoint.swift; sourceTree = "<group>"; };
		63D1A7E32D6836D2003786D8 /* Review+CoreDataClass.swift */ = {isa = PBXFileReference; lastKnownFileType = sourcecode.swift; path = "Review+CoreDataClass.swift"; sourceTree = "<group>"; };
		63D1A7E42D6836D2003786D8 /* Review+CoreDataProperties.swift */ = {isa = PBXFileReference; lastKnownFileType = sourcecode.swift; path = "Review+CoreDataProperties.swift"; sourceTree = "<group>"; };
		63D1AC8E2D68595D003786D8 /* Pretendard-Black.otf */ = {isa = PBXFileReference; lastKnownFileType = file; path = "Pretendard-Black.otf"; sourceTree = "<group>"; };
		63D1AC8F2D68595D003786D8 /* Pretendard-Bold.otf */ = {isa = PBXFileReference; lastKnownFileType = file; path = "Pretendard-Bold.otf"; sourceTree = "<group>"; };
		63D1AC902D68595D003786D8 /* Pretendard-ExtraBold.otf */ = {isa = PBXFileReference; lastKnownFileType = file; path = "Pretendard-ExtraBold.otf"; sourceTree = "<group>"; };
		63D1AC912D68595D003786D8 /* Pretendard-ExtraLight.otf */ = {isa = PBXFileReference; lastKnownFileType = file; path = "Pretendard-ExtraLight.otf"; sourceTree = "<group>"; };
		63D1AC922D68595D003786D8 /* Pretendard-Light.otf */ = {isa = PBXFileReference; lastKnownFileType = file; path = "Pretendard-Light.otf"; sourceTree = "<group>"; };
		63D1AC932D68595D003786D8 /* Pretendard-Medium.otf */ = {isa = PBXFileReference; lastKnownFileType = file; path = "Pretendard-Medium.otf"; sourceTree = "<group>"; };
		63D1AC942D68595D003786D8 /* Pretendard-Regular.otf */ = {isa = PBXFileReference; lastKnownFileType = file; path = "Pretendard-Regular.otf"; sourceTree = "<group>"; };
		63D1AC952D68595D003786D8 /* Pretendard-SemiBold.otf */ = {isa = PBXFileReference; lastKnownFileType = file; path = "Pretendard-SemiBold.otf"; sourceTree = "<group>"; };
		63D1AC962D68595D003786D8 /* Pretendard-Thin.otf */ = {isa = PBXFileReference; lastKnownFileType = file; path = "Pretendard-Thin.otf"; sourceTree = "<group>"; };
		63D1AC982D68595D003786D8 /* Assets.xcassets */ = {isa = PBXFileReference; lastKnownFileType = folder.assetcatalog; path = Assets.xcassets; sourceTree = "<group>"; };
		63D1AC992D68595D003786D8 /* Base */ = {isa = PBXFileReference; lastKnownFileType = file.storyboard; name = Base; path = Base.lproj/LaunchScreen.storyboard; sourceTree = "<group>"; };
		63D1ACA02D68595D003786D8 /* CommentView.swift */ = {isa = PBXFileReference; lastKnownFileType = sourcecode.swift; path = CommentView.swift; sourceTree = "<group>"; };
		63D1ACA12D68595D003786D8 /* MovieDescriptionView.swift */ = {isa = PBXFileReference; lastKnownFileType = sourcecode.swift; path = MovieDescriptionView.swift; sourceTree = "<group>"; };
		63D1ACA22D68595D003786D8 /* MovieTitleLabel.swift */ = {isa = PBXFileReference; lastKnownFileType = sourcecode.swift; path = MovieTitleLabel.swift; sourceTree = "<group>"; };
		63D1ACA42D68595D003786D8 /* MovieDetailViewController.swift */ = {isa = PBXFileReference; lastKnownFileType = sourcecode.swift; path = MovieDetailViewController.swift; sourceTree = "<group>"; };
		63D1ACA52D68595D003786D8 /* MovieDetailViewModel.swift */ = {isa = PBXFileReference; lastKnownFileType = sourcecode.swift; path = MovieDetailViewModel.swift; sourceTree = "<group>"; };
		63D1ACA72D68595D003786D8 /* MovieDetailDTO.swift */ = {isa = PBXFileReference; lastKnownFileType = sourcecode.swift; path = MovieDetailDTO.swift; sourceTree = "<group>"; };
		63D1ACA82D68595D003786D8 /* MoviesDTO.swift */ = {isa = PBXFileReference; lastKnownFileType = sourcecode.swift; path = MoviesDTO.swift; sourceTree = "<group>"; };
		63D1ACAF2D68595D003786D8 /* HomeViewController.swift */ = {isa = PBXFileReference; lastKnownFileType = sourcecode.swift; path = HomeViewController.swift; sourceTree = "<group>"; };
		63D1ACB02D68595D003786D8 /* HomeViewModel.swift */ = {isa = PBXFileReference; lastKnownFileType = sourcecode.swift; path = HomeViewModel.swift; sourceTree = "<group>"; };
		63D1ACB22D68595D003786D8 /* FillterView.swift */ = {isa = PBXFileReference; lastKnownFileType = sourcecode.swift; path = FillterView.swift; sourceTree = "<group>"; };
		63D1ACB32D68595D003786D8 /* ReviewedMovieCell.swift */ = {isa = PBXFileReference; lastKnownFileType = sourcecode.swift; path = ReviewedMovieCell.swift; sourceTree = "<group>"; };
		63D1ACB42D68595D003786D8 /* SelectedStarRatingView.swift */ = {isa = PBXFileReference; lastKnownFileType = sourcecode.swift; path = SelectedStarRatingView.swift; sourceTree = "<group>"; };
		63D1ACB52D68595D003786D8 /* StarImageView.swift */ = {isa = PBXFileReference; lastKnownFileType = sourcecode.swift; path = StarImageView.swift; sourceTree = "<group>"; };
		63D1ACB62D68595D003786D8 /* StarRateCell.swift */ = {isa = PBXFileReference; lastKnownFileType = sourcecode.swift; path = StarRateCell.swift; sourceTree = "<group>"; };
		63D1ACB72D68595D003786D8 /* StarRatingView.swift */ = {isa = PBXFileReference; lastKnownFileType = sourcecode.swift; path = StarRatingView.swift; sourceTree = "<group>"; };
		63D1ACB92D68595D003786D8 /* MyViewController.swift */ = {isa = PBXFileReference; lastKnownFileType = sourcecode.swift; path = MyViewController.swift; sourceTree = "<group>"; };
		63D1ACBA2D68595D003786D8 /* MyViewModel.swift */ = {isa = PBXFileReference; lastKnownFileType = sourcecode.swift; path = MyViewModel.swift; sourceTree = "<group>"; };
		63D1ACBD2D68595D003786D8 /* Configurable.swift */ = {isa = PBXFileReference; lastKnownFileType = sourcecode.swift; path = Configurable.swift; sourceTree = "<group>"; };
		63D1ACBF2D68595D003786D8 /* Screen.swift */ = {isa = PBXFileReference; lastKnownFileType = sourcecode.swift; path = Screen.swift; sourceTree = "<group>"; };
		63D1ACC52D68595D003786D8 /* ViewModelProtocol.swift */ = {isa = PBXFileReference; lastKnownFileType = sourcecode.swift; path = ViewModelProtocol.swift; sourceTree = "<group>"; };
		63D1ACC72D68595D003786D8 /* MainTabBarController.swift */ = {isa = PBXFileReference; lastKnownFileType = sourcecode.swift; path = MainTabBarController.swift; sourceTree = "<group>"; };
		63D1ACC92D68595D003786D8 /* AppDelegate.swift */ = {isa = PBXFileReference; lastKnownFileType = sourcecode.swift; path = AppDelegate.swift; sourceTree = "<group>"; };
		63D1ACCA2D68595D003786D8 /* Info.plist */ = {isa = PBXFileReference; lastKnownFileType = text.plist.xml; path = Info.plist; sourceTree = "<group>"; };
		63D1ACCC2D68595D003786D8 /* SceneDelegate.swift */ = {isa = PBXFileReference; lastKnownFileType = sourcecode.swift; path = SceneDelegate.swift; sourceTree = "<group>"; };
		63D1ACCE2D68595D003786D8 /* LocalStorage.xcdatamodel */ = {isa = PBXFileReference; lastKnownFileType = wrapper.xcdatamodel; path = LocalStorage.xcdatamodel; sourceTree = "<group>"; };
		63D1AD012D685A94003786D8 /* MovieListViewController.swift */ = {isa = PBXFileReference; lastKnownFileType = sourcecode.swift; path = MovieListViewController.swift; sourceTree = "<group>"; };
		63D34A812D62C29600455717 /* prography.app */ = {isa = PBXFileReference; explicitFileType = wrapper.application; includeInIndex = 0; path = prography.app; sourceTree = BUILT_PRODUCTS_DIR; };
/* End PBXFileReference section */

/* Begin PBXFileSystemSynchronizedRootGroup section */
		63A1EC8F2D685FDC0018566D /* Manager */ = {
			isa = PBXFileSystemSynchronizedRootGroup;
			path = Manager;
			sourceTree = "<group>";
		};
		63A1EC902D68602A0018566D /* Components */ = {
			isa = PBXFileSystemSynchronizedRootGroup;
			path = Components;
			sourceTree = "<group>";
		};
		63A1EC912D6860540018566D /* Extensions */ = {
			isa = PBXFileSystemSynchronizedRootGroup;
			path = Extensions;
			sourceTree = "<group>";
		};
/* End PBXFileSystemSynchronizedRootGroup section */

/* Begin PBXFrameworksBuildPhase section */
		63D34A7E2D62C29600455717 /* Frameworks */ = {
			isa = PBXFrameworksBuildPhase;
			buildActionMask = 2147483647;
			files = (
			);
			runOnlyForDeploymentPostprocessing = 0;
		};
/* End PBXFrameworksBuildPhase section */

/* Begin PBXGroup section */
		63D1AC972D68595D003786D8 /* Fonts */ = {
			isa = PBXGroup;
			children = (
				63D1AC8E2D68595D003786D8 /* Pretendard-Black.otf */,
				63D1AC8F2D68595D003786D8 /* Pretendard-Bold.otf */,
				63D1AC902D68595D003786D8 /* Pretendard-ExtraBold.otf */,
				63D1AC912D68595D003786D8 /* Pretendard-ExtraLight.otf */,
				63D1AC922D68595D003786D8 /* Pretendard-Light.otf */,
				63D1AC932D68595D003786D8 /* Pretendard-Medium.otf */,
				63D1AC942D68595D003786D8 /* Pretendard-Regular.otf */,
				63D1AC952D68595D003786D8 /* Pretendard-SemiBold.otf */,
				63D1AC962D68595D003786D8 /* Pretendard-Thin.otf */,
			);
			path = Fonts;
			sourceTree = "<group>";
		};
		63D1AC9B2D68595D003786D8 /* Resources */ = {
			isa = PBXGroup;
			children = (
				63D1AC972D68595D003786D8 /* Fonts */,
				63D1AC982D68595D003786D8 /* Assets.xcassets */,
				63D1AC9A2D68595D003786D8 /* LaunchScreen.storyboard */,
			);
			path = Resources;
			sourceTree = "<group>";
		};
		63D1ACA32D68595D003786D8 /* Views */ = {
			isa = PBXGroup;
			children = (
				63D1ACA02D68595D003786D8 /* CommentView.swift */,
				63D1ACA12D68595D003786D8 /* MovieDescriptionView.swift */,
				63D1ACA22D68595D003786D8 /* MovieTitleLabel.swift */,
			);
			path = Views;
			sourceTree = "<group>";
		};
		63D1ACA62D68595D003786D8 /* Detail */ = {
			isa = PBXGroup;
			children = (
				63D1ACA32D68595D003786D8 /* Views */,
				63D1ACA42D68595D003786D8 /* MovieDetailViewController.swift */,
				63D1ACA52D68595D003786D8 /* MovieDetailViewModel.swift */,
			);
			path = Detail;
			sourceTree = "<group>";
		};
		63D1ACA92D68595D003786D8 /* DTO */ = {
			isa = PBXGroup;
			children = (
				63D1ACA72D68595D003786D8 /* MovieDetailDTO.swift */,
				63D1ACA82D68595D003786D8 /* MoviesDTO.swift */,
			);
			path = DTO;
			sourceTree = "<group>";
		};
		63D1ACB12D68595D003786D8 /* Home */ = {
			isa = PBXGroup;
			children = (
				63D1AD012D685A94003786D8 /* MovieListViewController.swift */,
				63D1ACAF2D68595D003786D8 /* HomeViewController.swift */,
				63D1ACB02D68595D003786D8 /* HomeViewModel.swift */,
			);
			path = Home;
			sourceTree = "<group>";
		};
		63D1ACB82D68595D003786D8 /* Views */ = {
			isa = PBXGroup;
			children = (
				63D1ACB22D68595D003786D8 /* FillterView.swift */,
				63D1ACB32D68595D003786D8 /* ReviewedMovieCell.swift */,
				63D1ACB42D68595D003786D8 /* SelectedStarRatingView.swift */,
				63D1ACB52D68595D003786D8 /* StarImageView.swift */,
				63D1ACB62D68595D003786D8 /* StarRateCell.swift */,
				63D1ACB72D68595D003786D8 /* StarRatingView.swift */,
			);
			path = Views;
			sourceTree = "<group>";
		};
		63D1ACBB2D68595D003786D8 /* My */ = {
			isa = PBXGroup;
			children = (
				63D1ACB82D68595D003786D8 /* Views */,
				63D1ACB92D68595D003786D8 /* MyViewController.swift */,
				63D1ACBA2D68595D003786D8 /* MyViewModel.swift */,
			);
			path = My;
			sourceTree = "<group>";
		};
		63D1ACC62D68595D003786D8 /* Shared */ = {
			isa = PBXGroup;
			children = (
				63A1EC912D6860540018566D /* Extensions */,
				63A1EC902D68602A0018566D /* Components */,
				63A1EC8F2D685FDC0018566D /* Manager */,
				63D1ACBD2D68595D003786D8 /* Configurable.swift */,
				63D1ACBF2D68595D003786D8 /* Screen.swift */,
				63D1ACC52D68595D003786D8 /* ViewModelProtocol.swift */,
				63A1EC922D68629C0018566D /* EndPoint.swift */,
			);
			path = Shared;
			sourceTree = "<group>";
		};
		63D1ACC82D68595D003786D8 /* Sources */ = {
			isa = PBXGroup;
			children = (
				63D1ACC72D68595D003786D8 /* MainTabBarController.swift */,
				63D1ACB12D68595D003786D8 /* Home */,
				63D1ACBB2D68595D003786D8 /* My */,
				63D1ACA62D68595D003786D8 /* Detail */,
				63D1ACA92D68595D003786D8 /* DTO */,
				63D1ACC62D68595D003786D8 /* Shared */,
			);
			path = Sources;
			sourceTree = "<group>";
		};
		63D1ACCD2D68595D003786D8 /* prography */ = {
			isa = PBXGroup;
			children = (
				63D1ACC92D68595D003786D8 /* AppDelegate.swift */,
				63D1ACCC2D68595D003786D8 /* SceneDelegate.swift */,
				63D1ACC82D68595D003786D8 /* Sources */,
				63D1AC9B2D68595D003786D8 /* Resources */,
				63D1ACCA2D68595D003786D8 /* Info.plist */,
				63D1ACCB2D68595D003786D8 /* LocalStorage.xcdatamodeld */,
			);
			path = prography;
			sourceTree = "<group>";
		};
		63D34A782D62C29600455717 = {
			isa = PBXGroup;
			children = (
				63D1A7E32D6836D2003786D8 /* Review+CoreDataClass.swift */,
				63D1A7E42D6836D2003786D8 /* Review+CoreDataProperties.swift */,
				63D1ACCD2D68595D003786D8 /* prography */,
				63D34A822D62C29600455717 /* Products */,
			);
			sourceTree = "<group>";
		};
		63D34A822D62C29600455717 /* Products */ = {
			isa = PBXGroup;
			children = (
				63D34A812D62C29600455717 /* prography.app */,
			);
			name = Products;
			sourceTree = "<group>";
		};
/* End PBXGroup section */

/* Begin PBXNativeTarget section */
		63D34A802D62C29600455717 /* prography */ = {
			isa = PBXNativeTarget;
			buildConfigurationList = 63D34A942D62C29700455717 /* Build configuration list for PBXNativeTarget "prography" */;
			buildPhases = (
				63D34A7D2D62C29600455717 /* Sources */,
				63D34A7E2D62C29600455717 /* Frameworks */,
				63D34A7F2D62C29600455717 /* Resources */,
			);
			buildRules = (
			);
			dependencies = (
			);
			fileSystemSynchronizedGroups = (
				63A1EC8F2D685FDC0018566D /* Manager */,
				63A1EC902D68602A0018566D /* Components */,
				63A1EC912D6860540018566D /* Extensions */,
			);
			name = prography;
			packageProductDependencies = (
			);
			productName = prography;
			productReference = 63D34A812D62C29600455717 /* prography.app */;
			productType = "com.apple.product-type.application";
		};
/* End PBXNativeTarget section */

/* Begin PBXProject section */
		63D34A792D62C29600455717 /* Project object */ = {
			isa = PBXProject;
			attributes = {
				BuildIndependentTargetsInParallel = 1;
				LastSwiftUpdateCheck = 1600;
				LastUpgradeCheck = 1600;
				TargetAttributes = {
					63D34A802D62C29600455717 = {
						CreatedOnToolsVersion = 16.0;
					};
				};
			};
			buildConfigurationList = 63D34A7C2D62C29600455717 /* Build configuration list for PBXProject "prography" */;
			developmentRegion = en;
			hasScannedForEncodings = 0;
			knownRegions = (
				en,
				Base,
			);
			mainGroup = 63D34A782D62C29600455717;
			minimizedProjectReferenceProxies = 1;
			preferredProjectObjectVersion = 77;
			productRefGroup = 63D34A822D62C29600455717 /* Products */;
			projectDirPath = "";
			projectRoot = "";
			targets = (
				63D34A802D62C29600455717 /* prography */,
			);
		};
/* End PBXProject section */

/* Begin PBXResourcesBuildPhase section */
		63D34A7F2D62C29600455717 /* Resources */ = {
			isa = PBXResourcesBuildPhase;
			buildActionMask = 2147483647;
			files = (
				63D1ACF52D68595D003786D8 /* Pretendard-Black.otf in Resources */,
				63D1ACF62D68595D003786D8 /* Pretendard-Bold.otf in Resources */,
				63D1ACF72D68595D003786D8 /* Pretendard-ExtraBold.otf in Resources */,
				63D1ACF82D68595D003786D8 /* Pretendard-ExtraLight.otf in Resources */,
				63D1ACF92D68595D003786D8 /* Pretendard-Light.otf in Resources */,
				63D1ACFA2D68595D003786D8 /* Pretendard-Medium.otf in Resources */,
				63D1ACFB2D68595D003786D8 /* Pretendard-Regular.otf in Resources */,
				63D1ACFC2D68595D003786D8 /* Pretendard-SemiBold.otf in Resources */,
				63D1ACFD2D68595D003786D8 /* Pretendard-Thin.otf in Resources */,
				63D1ACFE2D68595D003786D8 /* Assets.xcassets in Resources */,
				63D1ACFF2D68595D003786D8 /* LaunchScreen.storyboard in Resources */,
			);
			runOnlyForDeploymentPostprocessing = 0;
		};
/* End PBXResourcesBuildPhase section */

/* Begin PBXSourcesBuildPhase section */
		63D34A7D2D62C29600455717 /* Sources */ = {
			isa = PBXSourcesBuildPhase;
			buildActionMask = 2147483647;
			files = (
				63D1A7E52D6836D2003786D8 /* Review+CoreDataProperties.swift in Sources */,
				63D1A7E62D6836D2003786D8 /* Review+CoreDataClass.swift in Sources */,
				63D1AD022D685A94003786D8 /* MovieListViewController.swift in Sources */,
				63D1ACD22D68595D003786D8 /* CommentView.swift in Sources */,
				63D1ACD32D68595D003786D8 /* MovieDescriptionView.swift in Sources */,
				63D1ACD42D68595D003786D8 /* MovieTitleLabel.swift in Sources */,
				63D1ACD52D68595D003786D8 /* MovieDetailViewController.swift in Sources */,
				63D1ACD62D68595D003786D8 /* MovieDetailViewModel.swift in Sources */,
				63D1ACD72D68595D003786D8 /* MovieDetailDTO.swift in Sources */,
				63D1ACD82D68595D003786D8 /* MoviesDTO.swift in Sources */,
				63D1ACDD2D68595D003786D8 /* HomeViewController.swift in Sources */,
				63D1ACDE2D68595D003786D8 /* HomeViewModel.swift in Sources */,
				63D1ACDF2D68595D003786D8 /* FillterView.swift in Sources */,
				63D1ACE02D68595D003786D8 /* ReviewedMovieCell.swift in Sources */,
				63D1ACE12D68595D003786D8 /* SelectedStarRatingView.swift in Sources */,
				63D1ACE22D68595D003786D8 /* StarImageView.swift in Sources */,
				63D1ACE32D68595D003786D8 /* StarRateCell.swift in Sources */,
				63D1ACE42D68595D003786D8 /* StarRatingView.swift in Sources */,
				63D1ACE52D68595D003786D8 /* MyViewController.swift in Sources */,
				63D1ACE62D68595D003786D8 /* MyViewModel.swift in Sources */,
				63D1ACE82D68595D003786D8 /* Configurable.swift in Sources */,
				63D1ACEA2D68595D003786D8 /* Screen.swift in Sources */,
				63A1EC932D68629C0018566D /* EndPoint.swift in Sources */,
				63D1ACF02D68595D003786D8 /* ViewModelProtocol.swift in Sources */,
				63D1ACF12D68595D003786D8 /* MainTabBarController.swift in Sources */,
				63D1ACF22D68595D003786D8 /* AppDelegate.swift in Sources */,
				63D1ACF32D68595D003786D8 /* LocalStorage.xcdatamodeld in Sources */,
				63D1ACF42D68595D003786D8 /* SceneDelegate.swift in Sources */,
			);
			runOnlyForDeploymentPostprocessing = 0;
		};
/* End PBXSourcesBuildPhase section */

/* Begin PBXVariantGroup section */
		63D1AC9A2D68595D003786D8 /* LaunchScreen.storyboard */ = {
			isa = PBXVariantGroup;
			children = (
				63D1AC992D68595D003786D8 /* Base */,
			);
			name = LaunchScreen.storyboard;
			sourceTree = "<group>";
		};
/* End PBXVariantGroup section */

/* Begin XCBuildConfiguration section */
		63D34A952D62C29700455717 /* Debug */ = {
			isa = XCBuildConfiguration;
			buildSettings = {
				ASSETCATALOG_COMPILER_APPICON_NAME = AppIcon;
				ASSETCATALOG_COMPILER_GLOBAL_ACCENT_COLOR_NAME = AccentColor;
				CODE_SIGN_STYLE = Automatic;
				CURRENT_PROJECT_VERSION = 1;
				DEVELOPMENT_TEAM = 7CZQ2LQH97;
				GENERATE_INFOPLIST_FILE = YES;
				INFOPLIST_FILE = prography/Info.plist;
				INFOPLIST_KEY_UIApplicationSupportsIndirectInputEvents = YES;
				INFOPLIST_KEY_UILaunchStoryboardName = LaunchScreen;
				INFOPLIST_KEY_UISupportedInterfaceOrientations_iPad = "UIInterfaceOrientationPortrait UIInterfaceOrientationPortraitUpsideDown UIInterfaceOrientationLandscapeLeft UIInterfaceOrientationLandscapeRight";
				INFOPLIST_KEY_UISupportedInterfaceOrientations_iPhone = "UIInterfaceOrientationPortrait UIInterfaceOrientationLandscapeLeft UIInterfaceOrientationLandscapeRight";
				LD_RUNPATH_SEARCH_PATHS = (
					"$(inherited)",
					"@executable_path/Frameworks",
				);
				MARKETING_VERSION = 1.0;
				PRODUCT_BUNDLE_IDENTIFIER = movieApp.prography;
				PRODUCT_NAME = "$(TARGET_NAME)";
				SWIFT_EMIT_LOC_STRINGS = YES;
				SWIFT_VERSION = 5.0;
				TARGETED_DEVICE_FAMILY = "1,2";
			};
			name = Debug;
		};
		63D34A962D62C29700455717 /* Release */ = {
			isa = XCBuildConfiguration;
			buildSettings = {
				ASSETCATALOG_COMPILER_APPICON_NAME = AppIcon;
				ASSETCATALOG_COMPILER_GLOBAL_ACCENT_COLOR_NAME = AccentColor;
				CODE_SIGN_STYLE = Automatic;
				CURRENT_PROJECT_VERSION = 1;
				DEVELOPMENT_TEAM = 7CZQ2LQH97;
				GENERATE_INFOPLIST_FILE = YES;
				INFOPLIST_FILE = prography/Info.plist;
				INFOPLIST_KEY_UIApplicationSupportsIndirectInputEvents = YES;
				INFOPLIST_KEY_UILaunchStoryboardName = LaunchScreen;
				INFOPLIST_KEY_UISupportedInterfaceOrientations_iPad = "UIInterfaceOrientationPortrait UIInterfaceOrientationPortraitUpsideDown UIInterfaceOrientationLandscapeLeft UIInterfaceOrientationLandscapeRight";
				INFOPLIST_KEY_UISupportedInterfaceOrientations_iPhone = "UIInterfaceOrientationPortrait UIInterfaceOrientationLandscapeLeft UIInterfaceOrientationLandscapeRight";
				LD_RUNPATH_SEARCH_PATHS = (
					"$(inherited)",
					"@executable_path/Frameworks",
				);
				MARKETING_VERSION = 1.0;
				PRODUCT_BUNDLE_IDENTIFIER = movieApp.prography;
				PRODUCT_NAME = "$(TARGET_NAME)";
				SWIFT_EMIT_LOC_STRINGS = YES;
				SWIFT_VERSION = 5.0;
				TARGETED_DEVICE_FAMILY = "1,2";
			};
			name = Release;
		};
		63D34A972D62C29700455717 /* Debug */ = {
			isa = XCBuildConfiguration;
			buildSettings = {
				ALWAYS_SEARCH_USER_PATHS = NO;
				ASSETCATALOG_COMPILER_GENERATE_SWIFT_ASSET_SYMBOL_EXTENSIONS = YES;
				CLANG_ANALYZER_NONNULL = YES;
				CLANG_ANALYZER_NUMBER_OBJECT_CONVERSION = YES_AGGRESSIVE;
				CLANG_CXX_LANGUAGE_STANDARD = "gnu++20";
				CLANG_ENABLE_MODULES = YES;
				CLANG_ENABLE_OBJC_ARC = YES;
				CLANG_ENABLE_OBJC_WEAK = YES;
				CLANG_WARN_BLOCK_CAPTURE_AUTORELEASING = YES;
				CLANG_WARN_BOOL_CONVERSION = YES;
				CLANG_WARN_COMMA = YES;
				CLANG_WARN_CONSTANT_CONVERSION = YES;
				CLANG_WARN_DEPRECATED_OBJC_IMPLEMENTATIONS = YES;
				CLANG_WARN_DIRECT_OBJC_ISA_USAGE = YES_ERROR;
				CLANG_WARN_DOCUMENTATION_COMMENTS = YES;
				CLANG_WARN_EMPTY_BODY = YES;
				CLANG_WARN_ENUM_CONVERSION = YES;
				CLANG_WARN_INFINITE_RECURSION = YES;
				CLANG_WARN_INT_CONVERSION = YES;
				CLANG_WARN_NON_LITERAL_NULL_CONVERSION = YES;
				CLANG_WARN_OBJC_IMPLICIT_RETAIN_SELF = YES;
				CLANG_WARN_OBJC_LITERAL_CONVERSION = YES;
				CLANG_WARN_OBJC_ROOT_CLASS = YES_ERROR;
				CLANG_WARN_QUOTED_INCLUDE_IN_FRAMEWORK_HEADER = YES;
				CLANG_WARN_RANGE_LOOP_ANALYSIS = YES;
				CLANG_WARN_STRICT_PROTOTYPES = YES;
				CLANG_WARN_SUSPICIOUS_MOVE = YES;
				CLANG_WARN_UNGUARDED_AVAILABILITY = YES_AGGRESSIVE;
				CLANG_WARN_UNREACHABLE_CODE = YES;
				CLANG_WARN__DUPLICATE_METHOD_MATCH = YES;
				COPY_PHASE_STRIP = NO;
				DEBUG_INFORMATION_FORMAT = dwarf;
				ENABLE_STRICT_OBJC_MSGSEND = YES;
				ENABLE_TESTABILITY = YES;
				ENABLE_USER_SCRIPT_SANDBOXING = YES;
				GCC_C_LANGUAGE_STANDARD = gnu17;
				GCC_DYNAMIC_NO_PIC = NO;
				GCC_NO_COMMON_BLOCKS = YES;
				GCC_OPTIMIZATION_LEVEL = 0;
				GCC_PREPROCESSOR_DEFINITIONS = (
					"DEBUG=1",
					"$(inherited)",
				);
				GCC_WARN_64_TO_32_BIT_CONVERSION = YES;
				GCC_WARN_ABOUT_RETURN_TYPE = YES_ERROR;
				GCC_WARN_UNDECLARED_SELECTOR = YES;
				GCC_WARN_UNINITIALIZED_AUTOS = YES_AGGRESSIVE;
				GCC_WARN_UNUSED_FUNCTION = YES;
				GCC_WARN_UNUSED_VARIABLE = YES;
				IPHONEOS_DEPLOYMENT_TARGET = 18.0;
				LOCALIZATION_PREFERS_STRING_CATALOGS = YES;
				MTL_ENABLE_DEBUG_INFO = INCLUDE_SOURCE;
				MTL_FAST_MATH = YES;
				ONLY_ACTIVE_ARCH = YES;
				SDKROOT = iphoneos;
				SWIFT_ACTIVE_COMPILATION_CONDITIONS = "DEBUG $(inherited)";
				SWIFT_OPTIMIZATION_LEVEL = "-Onone";
			};
			name = Debug;
		};
		63D34A982D62C29700455717 /* Release */ = {
			isa = XCBuildConfiguration;
			buildSettings = {
				ALWAYS_SEARCH_USER_PATHS = NO;
				ASSETCATALOG_COMPILER_GENERATE_SWIFT_ASSET_SYMBOL_EXTENSIONS = YES;
				CLANG_ANALYZER_NONNULL = YES;
				CLANG_ANALYZER_NUMBER_OBJECT_CONVERSION = YES_AGGRESSIVE;
				CLANG_CXX_LANGUAGE_STANDARD = "gnu++20";
				CLANG_ENABLE_MODULES = YES;
				CLANG_ENABLE_OBJC_ARC = YES;
				CLANG_ENABLE_OBJC_WEAK = YES;
				CLANG_WARN_BLOCK_CAPTURE_AUTORELEASING = YES;
				CLANG_WARN_BOOL_CONVERSION = YES;
				CLANG_WARN_COMMA = YES;
				CLANG_WARN_CONSTANT_CONVERSION = YES;
				CLANG_WARN_DEPRECATED_OBJC_IMPLEMENTATIONS = YES;
				CLANG_WARN_DIRECT_OBJC_ISA_USAGE = YES_ERROR;
				CLANG_WARN_DOCUMENTATION_COMMENTS = YES;
				CLANG_WARN_EMPTY_BODY = YES;
				CLANG_WARN_ENUM_CONVERSION = YES;
				CLANG_WARN_INFINITE_RECURSION = YES;
				CLANG_WARN_INT_CONVERSION = YES;
				CLANG_WARN_NON_LITERAL_NULL_CONVERSION = YES;
				CLANG_WARN_OBJC_IMPLICIT_RETAIN_SELF = YES;
				CLANG_WARN_OBJC_LITERAL_CONVERSION = YES;
				CLANG_WARN_OBJC_ROOT_CLASS = YES_ERROR;
				CLANG_WARN_QUOTED_INCLUDE_IN_FRAMEWORK_HEADER = YES;
				CLANG_WARN_RANGE_LOOP_ANALYSIS = YES;
				CLANG_WARN_STRICT_PROTOTYPES = YES;
				CLANG_WARN_SUSPICIOUS_MOVE = YES;
				CLANG_WARN_UNGUARDED_AVAILABILITY = YES_AGGRESSIVE;
				CLANG_WARN_UNREACHABLE_CODE = YES;
				CLANG_WARN__DUPLICATE_METHOD_MATCH = YES;
				COPY_PHASE_STRIP = NO;
				DEBUG_INFORMATION_FORMAT = "dwarf-with-dsym";
				ENABLE_NS_ASSERTIONS = NO;
				ENABLE_STRICT_OBJC_MSGSEND = YES;
				ENABLE_USER_SCRIPT_SANDBOXING = YES;
				GCC_C_LANGUAGE_STANDARD = gnu17;
				GCC_NO_COMMON_BLOCKS = YES;
				GCC_WARN_64_TO_32_BIT_CONVERSION = YES;
				GCC_WARN_ABOUT_RETURN_TYPE = YES_ERROR;
				GCC_WARN_UNDECLARED_SELECTOR = YES;
				GCC_WARN_UNINITIALIZED_AUTOS = YES_AGGRESSIVE;
				GCC_WARN_UNUSED_FUNCTION = YES;
				GCC_WARN_UNUSED_VARIABLE = YES;
				IPHONEOS_DEPLOYMENT_TARGET = 18.0;
				LOCALIZATION_PREFERS_STRING_CATALOGS = YES;
				MTL_ENABLE_DEBUG_INFO = NO;
				MTL_FAST_MATH = YES;
				SDKROOT = iphoneos;
				SWIFT_COMPILATION_MODE = wholemodule;
				VALIDATE_PRODUCT = YES;
			};
			name = Release;
		};
/* End XCBuildConfiguration section */

/* Begin XCConfigurationList section */
		63D34A7C2D62C29600455717 /* Build configuration list for PBXProject "prography" */ = {
			isa = XCConfigurationList;
			buildConfigurations = (
				63D34A972D62C29700455717 /* Debug */,
				63D34A982D62C29700455717 /* Release */,
			);
			defaultConfigurationIsVisible = 0;
			defaultConfigurationName = Release;
		};
		63D34A942D62C29700455717 /* Build configuration list for PBXNativeTarget "prography" */ = {
			isa = XCConfigurationList;
			buildConfigurations = (
				63D34A952D62C29700455717 /* Debug */,
				63D34A962D62C29700455717 /* Release */,
			);
			defaultConfigurationIsVisible = 0;
			defaultConfigurationName = Release;
		};
/* End XCConfigurationList section */

/* Begin XCVersionGroup section */
		63D1ACCB2D68595D003786D8 /* LocalStorage.xcdatamodeld */ = {
			isa = XCVersionGroup;
			children = (
				63D1ACCE2D68595D003786D8 /* LocalStorage.xcdatamodel */,
			);
			currentVersion = 63D1ACCE2D68595D003786D8 /* LocalStorage.xcdatamodel */;
			path = LocalStorage.xcdatamodeld;
			sourceTree = "<group>";
			versionGroupType = wrapper.xcdatamodel;
		};
/* End XCVersionGroup section */
	};
	rootObject = 63D34A792D62C29600455717 /* Project object */;
}
